
Microsoft Visual Studio Solution File, Format Version 12.00
# Visual Studio Version 17
VisualStudioVersion = 17.11.35327.3
MinimumVisualStudioVersion = 10.0.40219.1
Project("{FAE04EC0-301F-11D3-BF4B-00C04F79EFBC}") = "Challenge", "Challenge.csproj", "{73B70EDF-931B-4CCD-8384-209A91A34C1D}"
EndProject
Project("{2150E333-8FDC-42A3-9474-1A3956D46DE8}") = "Tests", "Tests", "{854F5D54-7199-49DD-BF2C-D733A12A9FEA}"
EndProject
Project("{FAE04EC0-301F-11D3-BF4B-00C04F79EFBC}") = "SecurityServiceTest", "Test\SecurityServiceTest\SecurityServiceTest.csproj", "{5F02B714-5066-41F0-9DFF-CF18A92B0764}"
EndProject
Global
	GlobalSection(SolutionConfigurationPlatforms) = preSolution
		Debug|Any CPU = Debug|Any CPU
		Release|Any CPU = Release|Any CPU
	EndGlobalSection
	GlobalSection(ProjectConfigurationPlatforms) = postSolution
		{73B70EDF-931B-4CCD-8384-209A91A34C1D}.Debug|Any CPU.ActiveCfg = Debug|Any CPU
		{73B70EDF-931B-4CCD-8384-209A91A34C1D}.Debug|Any CPU.Build.0 = Debug|Any CPU
		{73B70EDF-931B-4CCD-8384-209A91A34C1D}.Release|Any CPU.ActiveCfg = Release|Any CPU
		{73B70EDF-931B-4CCD-8384-209A91A34C1D}.Release|Any CPU.Build.0 = Release|Any CPU
		{5F02B714-5066-41F0-9DFF-CF18A92B0764}.Debug|Any CPU.ActiveCfg = Debug|Any CPU
		{5F02B714-5066-41F0-9DFF-CF18A92B0764}.Debug|Any CPU.Build.0 = Debug|Any CPU
		{5F02B714-5066-41F0-9DFF-CF18A92B0764}.Release|Any CPU.ActiveCfg = Release|Any CPU
		{5F02B714-5066-41F0-9DFF-CF18A92B0764}.Release|Any CPU.Build.0 = Release|Any CPU
	EndGlobalSection
	GlobalSection(SolutionProperties) = preSolution
		HideSolutionNode = FALSE
	EndGlobalSection
	GlobalSection(NestedProjects) = preSolution
		{5F02B714-5066-41F0-9DFF-CF18A92B0764} = {854F5D54-7199-49DD-BF2C-D733A12A9FEA}
	EndGlobalSection
	GlobalSection(ExtensibilityGlobals) = postSolution
		SolutionGuid = {C096751F-F179-490C-87D2-A08591C205C8}
	EndGlobalSection
EndGlobal
